{
  "name": "wasm-component-ts-host",
  "version": "1.0.0",
  "lockfileVersion": 3,
  "requires": true,
  "packages": {
    "": {
      "name": "wasm-component-ts-host",
      "version": "1.0.0",
      "dependencies": {
        "@bytecodealliance/preview2-shim": "^0.17.0"
      },
      "devDependencies": {
        "typescript": "^5.7.0"
      }
    },
    "node_modules/@bytecodealliance/preview2-shim": {
      "version": "0.17.8",
      "resolved": "https://registry.npmjs.org/@bytecodealliance/preview2-shim/-/preview2-shim-0.17.8.tgz",
      "integrity": "sha512-wS5kg8u0KCML1UeHQPJ1IuOI24x/XLentCzsqPER1+gDNC5Cz2hG4G2blLOZap+3CEGhIhnJ9mmZYj6a2W0Lww==",
      "license": "(Apache-2.0 WITH LLVM-exception)"
    },
    "node_modules/typescript": {
      "version": "5.9.3",
      "resolved": "https://registry.npmjs.org/typescript/-/typescript-5.9.3.tgz",
      "integrity": "sha512-jl1vZzPDinLr9eUt3J/t7V6FgNEw9QjvBPdysz9KfQDD41fQrC2Y4vKQdiaUpFT4bXlb1RHhLpp8wtm6M5TgSw==",
      "dev": true,
      "license": "Apache-2.0",
      "bin": {
        "tsc": "bin/tsc",
        "tsserver": "bin/tsserver"
      },
      "engines": {
        "node": ">=14.17"
      }
    }
  }
}
